
Microsoft Visual Studio Solution File, Format Version 12.00
# Visual Studio Version 16
VisualStudioVersion = 16.0.32929.386
MinimumVisualStudioVersion = 10.0.40219.1
Project("{FAE04EC0-301F-11D3-BF4B-00C04F79EFBC}") = "MiniAtm", "MiniAtm.csproj", "{7866163F-2E4C-4812-A719-A206360238A7}"
EndProject
Global
	GlobalSection(SolutionConfigurationPlatforms) = preSolution
		Debug|Any CPU = Debug|Any CPU
		Release|Any CPU = Release|Any CPU
	EndGlobalSection
	GlobalSection(ProjectConfigurationPlatforms) = postSolution
		{7866163F-2E4C-4812-A719-A206360238A7}.Debug|Any CPU.ActiveCfg = Debug|Any CPU
		{7866163F-2E4C-4812-A719-A206360238A7}.Debug|Any CPU.Build.0 = Debug|Any CPU
		{7866163F-2E4C-4812-A719-A206360238A7}.Release|Any CPU.ActiveCfg = Release|Any CPU
		{7866163F-2E4C-4812-A719-A206360238A7}.Release|Any CPU.Build.0 = Release|Any CPU
	EndGlobalSection
	GlobalSection(SolutionProperties) = preSolution
		HideSolutionNode = FALSE
	EndGlobalSection
	GlobalSection(ExtensibilityGlobals) = postSolution
		SolutionGuid = {423341C2-4778-4CF8-88CA-0EE26D699028}
	EndGlobalSection
EndGlobal
